Microsoft Visual Studio Solution File, Format Version 12.00
# Visual Studio Version 17
VisualStudioVersion = 17.5.2.0
MinimumVisualStudioVersion = 10.0.40219.1
Project("{FAE04EC0-301F-11D3-BF4B-00C04F79EFBC}") = "TodoListEFCore", "TodoListEFCore.csproj", "{A90B8D55-2DD9-E8F8-823A-4113085DC23C}"
EndProject
Global
	GlobalSection(SolutionConfigurationPlatforms) = preSolution
		Debug|Any CPU = Debug|Any CPU
		Release|Any CPU = Release|Any CPU
	EndGlobalSection
	GlobalSection(ProjectConfigurationPlatforms) = postSolution
		{A90B8D55-2DD9-E8F8-823A-4113085DC23C}.Debug|Any CPU.ActiveCfg = Debug|Any CPU
		{A90B8D55-2DD9-E8F8-823A-4113085DC23C}.Debug|Any CPU.Build.0 = Debug|Any CPU
		{A90B8D55-2DD9-E8F8-823A-4113085DC23C}.Release|Any CPU.ActiveCfg = Release|Any CPU
		{A90B8D55-2DD9-E8F8-823A-4113085DC23C}.Release|Any CPU.Build.0 = Release|Any CPU
	EndGlobalSection
	GlobalSection(SolutionProperties) = preSolution
		HideSolutionNode = FALSE
	EndGlobalSection
	GlobalSection(ExtensibilityGlobals) = postSolution
		SolutionGuid = {7EE38D63-9A47-4C4F-B69F-B6CBE585AE5E}
	EndGlobalSection
EndGlobal
